
Microsoft Visual Studio Solution File, Format Version 12.00
# Visual Studio 14
VisualStudioVersion = 14.0.25420.1
MinimumVisualStudioVersion = 10.0.40219.1
Project("{FAE04EC0-301F-11D3-BF4B-00C04F79EFBC}") = "CertificateKeyGenerator", "CertificateKeyGenerator\CertificateKeyGenerator.csproj", "{DBDF417A-EE8F-4466-8751-8D5428EA95CE}"
EndProject
Global
	GlobalSection(SolutionConfigurationPlatforms) = preSolution
		Debug|Any CPU = Debug|Any CPU
		Release|Any CPU = Release|Any CPU
	EndGlobalSection
	GlobalSection(ProjectConfigurationPlatforms) = postSolution
		{DBDF417A-EE8F-4466-8751-8D5428EA95CE}.Debug|Any CPU.ActiveCfg = Debug|Any CPU
		{DBDF417A-EE8F-4466-8751-8D5428EA95CE}.Debug|Any CPU.Build.0 = Debug|Any CPU
		{DBDF417A-EE8F-4466-8751-8D5428EA95CE}.Release|Any CPU.ActiveCfg = Release|Any CPU
		{DBDF417A-EE8F-4466-8751-8D5428EA95CE}.Release|Any CPU.Build.0 = Release|Any CPU
	EndGlobalSection
	GlobalSection(SolutionProperties) = preSolution
		HideSolutionNode = FALSE
	EndGlobalSection
EndGlobal
